
Microsoft Visual Studio Solution File, Format Version 12.00
# Visual Studio Version 17
VisualStudioVersion = 17.6.33801.468
MinimumVisualStudioVersion = 10.0.40219.1
Project("{9A19103F-16F7-4668-BE54-9A1E7A4F7556}") = "CLI", "CLI\CLI.csproj", "{AEE41021-925C-430F-A443-9362240C643F}"
EndProject
Project("{FAE04EC0-301F-11D3-BF4B-00C04F79EFBC}") = "MarkdownParser", "MarkdownParser\MarkdownParser.csproj", "{11059AD7-72F9-40CA-BE34-53972D7E57D0}"
EndProject
Global
	GlobalSection(SolutionConfigurationPlatforms) = preSolution
		Debug|Any CPU = Debug|Any CPU
		Release|Any CPU = Release|Any CPU
	EndGlobalSection
	GlobalSection(ProjectConfigurationPlatforms) = postSolution
		{AEE41021-925C-430F-A443-9362240C643F}.Debug|Any CPU.ActiveCfg = Debug|Any CPU
		{AEE41021-925C-430F-A443-9362240C643F}.Debug|Any CPU.Build.0 = Debug|Any CPU
		{AEE41021-925C-430F-A443-9362240C643F}.Release|Any CPU.ActiveCfg = Release|Any CPU
		{AEE41021-925C-430F-A443-9362240C643F}.Release|Any CPU.Build.0 = Release|Any CPU
		{11059AD7-72F9-40CA-BE34-53972D7E57D0}.Debug|Any CPU.ActiveCfg = Debug|Any CPU
		{11059AD7-72F9-40CA-BE34-53972D7E57D0}.Debug|Any CPU.Build.0 = Debug|Any CPU
		{11059AD7-72F9-40CA-BE34-53972D7E57D0}.Release|Any CPU.ActiveCfg = Release|Any CPU
		{11059AD7-72F9-40CA-BE34-53972D7E57D0}.Release|Any CPU.Build.0 = Release|Any CPU
	EndGlobalSection
	GlobalSection(SolutionProperties) = preSolution
		HideSolutionNode = FALSE
	EndGlobalSection
	GlobalSection(ExtensibilityGlobals) = postSolution
		SolutionGuid = {0E3A28DA-6727-4F15-BA53-BEEA71A61DC4}
	EndGlobalSection
EndGlobal
